
Microsoft Visual Studio Solution File, Format Version 12.00
# Visual Studio Version 17
VisualStudioVersion = 17.0.31903.59
MinimumVisualStudioVersion = 10.0.40219.1
Project("{FAE04EC0-301F-11D3-BF4B-00C04F79EFBC}") = "ApiGateway", "ApiGateway\ApiGateway.csproj", "{E8B7D59B-1AE0-4EB3-B208-C3DB04362F9A}"
EndProject
Project("{2150E333-8FDC-42A3-9474-1A3956D46DE8}") = "Services", "Services", "{5854FF58-B8C5-05C6-5BF2-ACE42193F22B}"
EndProject
Project("{FAE04EC0-301F-11D3-BF4B-00C04F79EFBC}") = "AuthService", "Services\AuthService\AuthService.csproj", "{EF3C88DE-5F4A-4B4D-908B-DAC4A88366AD}"
EndProject
Project("{FAE04EC0-301F-11D3-BF4B-00C04F79EFBC}") = "BuildingsService", "Services\BuildingsService\BuildingsService.csproj", "{A40828AF-3C84-43F6-96A2-79EA880951EA}"
EndProject
Project("{FAE04EC0-301F-11D3-BF4B-00C04F79EFBC}") = "POIService", "Services\POIService\POIService.csproj", "{C3EEABAB-8C23-4E57-99BC-FDB4C2F65F55}"
EndProject
Project("{2150E333-8FDC-42A3-9474-1A3956D46DE8}") = "Common", "Common", "{881589EE-639B-0A35-DBCE-5D94E4FC90C0}"
EndProject
Project("{FAE04EC0-301F-11D3-BF4B-00C04F79EFBC}") = "SharedKernel", "Common\SharedKernel\SharedKernel.csproj", "{6C8DC520-CFD5-4E9B-A049-E6BEFC72C065}"
EndProject
Global
	GlobalSection(SolutionConfigurationPlatforms) = preSolution
		Debug|Any CPU = Debug|Any CPU
		Debug|x64 = Debug|x64
		Debug|x86 = Debug|x86
		Release|Any CPU = Release|Any CPU
		Release|x64 = Release|x64
		Release|x86 = Release|x86
	EndGlobalSection
	GlobalSection(ProjectConfigurationPlatforms) = postSolution
		{E8B7D59B-1AE0-4EB3-B208-C3DB04362F9A}.Debug|Any CPU.ActiveCfg = Debug|Any CPU
		{E8B7D59B-1AE0-4EB3-B208-C3DB04362F9A}.Debug|Any CPU.Build.0 = Debug|Any CPU
		{E8B7D59B-1AE0-4EB3-B208-C3DB04362F9A}.Debug|x64.ActiveCfg = Debug|Any CPU
		{E8B7D59B-1AE0-4EB3-B208-C3DB04362F9A}.Debug|x64.Build.0 = Debug|Any CPU
		{E8B7D59B-1AE0-4EB3-B208-C3DB04362F9A}.Debug|x86.ActiveCfg = Debug|Any CPU
		{E8B7D59B-1AE0-4EB3-B208-C3DB04362F9A}.Debug|x86.Build.0 = Debug|Any CPU
		{E8B7D59B-1AE0-4EB3-B208-C3DB04362F9A}.Release|Any CPU.ActiveCfg = Release|Any CPU
		{E8B7D59B-1AE0-4EB3-B208-C3DB04362F9A}.Release|Any CPU.Build.0 = Release|Any CPU
		{E8B7D59B-1AE0-4EB3-B208-C3DB04362F9A}.Release|x64.ActiveCfg = Release|Any CPU
		{E8B7D59B-1AE0-4EB3-B208-C3DB04362F9A}.Release|x64.Build.0 = Release|Any CPU
		{E8B7D59B-1AE0-4EB3-B208-C3DB04362F9A}.Release|x86.ActiveCfg = Release|Any CPU
		{E8B7D59B-1AE0-4EB3-B208-C3DB04362F9A}.Release|x86.Build.0 = Release|Any CPU
		{EF3C88DE-5F4A-4B4D-908B-DAC4A88366AD}.Debug|Any CPU.ActiveCfg = Debug|Any CPU
		{EF3C88DE-5F4A-4B4D-908B-DAC4A88366AD}.Debug|Any CPU.Build.0 = Debug|Any CPU
		{EF3C88DE-5F4A-4B4D-908B-DAC4A88366AD}.Debug|x64.ActiveCfg = Debug|Any CPU
		{EF3C88DE-5F4A-4B4D-908B-DAC4A88366AD}.Debug|x64.Build.0 = Debug|Any CPU
		{EF3C88DE-5F4A-4B4D-908B-DAC4A88366AD}.Debug|x86.ActiveCfg = Debug|Any CPU
		{EF3C88DE-5F4A-4B4D-908B-DAC4A88366AD}.Debug|x86.Build.0 = Debug|Any CPU
		{EF3C88DE-5F4A-4B4D-908B-DAC4A88366AD}.Release|Any CPU.ActiveCfg = Release|Any CPU
		{EF3C88DE-5F4A-4B4D-908B-DAC4A88366AD}.Release|Any CPU.Build.0 = Release|Any CPU
		{EF3C88DE-5F4A-4B4D-908B-DAC4A88366AD}.Release|x64.ActiveCfg = Release|Any CPU
		{EF3C88DE-5F4A-4B4D-908B-DAC4A88366AD}.Release|x64.Build.0 = Release|Any CPU
		{EF3C88DE-5F4A-4B4D-908B-DAC4A88366AD}.Release|x86.ActiveCfg = Release|Any CPU
		{EF3C88DE-5F4A-4B4D-908B-DAC4A88366AD}.Release|x86.Build.0 = Release|Any CPU
		{A40828AF-3C84-43F6-96A2-79EA880951EA}.Debug|Any CPU.ActiveCfg = Debug|Any CPU
		{A40828AF-3C84-43F6-96A2-79EA880951EA}.Debug|Any CPU.Build.0 = Debug|Any CPU
		{A40828AF-3C84-43F6-96A2-79EA880951EA}.Debug|x64.ActiveCfg = Debug|Any CPU
		{A40828AF-3C84-43F6-96A2-79EA880951EA}.Debug|x64.Build.0 = Debug|Any CPU
		{A40828AF-3C84-43F6-96A2-79EA880951EA}.Debug|x86.ActiveCfg = Debug|Any CPU
		{A40828AF-3C84-43F6-96A2-79EA880951EA}.Debug|x86.Build.0 = Debug|Any CPU
		{A40828AF-3C84-43F6-96A2-79EA880951EA}.Release|Any CPU.ActiveCfg = Release|Any CPU
		{A40828AF-3C84-43F6-96A2-79EA880951EA}.Release|Any CPU.Build.0 = Release|Any CPU
		{A40828AF-3C84-43F6-96A2-79EA880951EA}.Release|x64.ActiveCfg = Release|Any CPU
		{A40828AF-3C84-43F6-96A2-79EA880951EA}.Release|x64.Build.0 = Release|Any CPU
		{A40828AF-3C84-43F6-96A2-79EA880951EA}.Release|x86.ActiveCfg = Release|Any CPU
		{A40828AF-3C84-43F6-96A2-79EA880951EA}.Release|x86.Build.0 = Release|Any CPU
		{C3EEABAB-8C23-4E57-99BC-FDB4C2F65F55}.Debug|Any CPU.ActiveCfg = Debug|Any CPU
		{C3EEABAB-8C23-4E57-99BC-FDB4C2F65F55}.Debug|Any CPU.Build.0 = Debug|Any CPU
		{C3EEABAB-8C23-4E57-99BC-FDB4C2F65F55}.Debug|x64.ActiveCfg = Debug|Any CPU
		{C3EEABAB-8C23-4E57-99BC-FDB4C2F65F55}.Debug|x64.Build.0 = Debug|Any CPU
		{C3EEABAB-8C23-4E57-99BC-FDB4C2F65F55}.Debug|x86.ActiveCfg = Debug|Any CPU
		{C3EEABAB-8C23-4E57-99BC-FDB4C2F65F55}.Debug|x86.Build.0 = Debug|Any CPU
		{C3EEABAB-8C23-4E57-99BC-FDB4C2F65F55}.Release|Any CPU.ActiveCfg = Release|Any CPU
		{C3EEABAB-8C23-4E57-99BC-FDB4C2F65F55}.Release|Any CPU.Build.0 = Release|Any CPU
		{C3EEABAB-8C23-4E57-99BC-FDB4C2F65F55}.Release|x64.ActiveCfg = Release|Any CPU
		{C3EEABAB-8C23-4E57-99BC-FDB4C2F65F55}.Release|x64.Build.0 = Release|Any CPU
		{C3EEABAB-8C23-4E57-99BC-FDB4C2F65F55}.Release|x86.ActiveCfg = Release|Any CPU
		{C3EEABAB-8C23-4E57-99BC-FDB4C2F65F55}.Release|x86.Build.0 = Release|Any CPU
		{6C8DC520-CFD5-4E9B-A049-E6BEFC72C065}.Debug|Any CPU.ActiveCfg = Debug|Any CPU
		{6C8DC520-CFD5-4E9B-A049-E6BEFC72C065}.Debug|Any CPU.Build.0 = Debug|Any CPU
		{6C8DC520-CFD5-4E9B-A049-E6BEFC72C065}.Debug|x64.ActiveCfg = Debug|Any CPU
		{6C8DC520-CFD5-4E9B-A049-E6BEFC72C065}.Debug|x64.Build.0 = Debug|Any CPU
		{6C8DC520-CFD5-4E9B-A049-E6BEFC72C065}.Debug|x86.ActiveCfg = Debug|Any CPU
		{6C8DC520-CFD5-4E9B-A049-E6BEFC72C065}.Debug|x86.Build.0 = Debug|Any CPU
		{6C8DC520-CFD5-4E9B-A049-E6BEFC72C065}.Release|Any CPU.ActiveCfg = Release|Any CPU
		{6C8DC520-CFD5-4E9B-A049-E6BEFC72C065}.Release|Any CPU.Build.0 = Release|Any CPU
		{6C8DC520-CFD5-4E9B-A049-E6BEFC72C065}.Release|x64.ActiveCfg = Release|Any CPU
		{6C8DC520-CFD5-4E9B-A049-E6BEFC72C065}.Release|x64.Build.0 = Release|Any CPU
		{6C8DC520-CFD5-4E9B-A049-E6BEFC72C065}.Release|x86.ActiveCfg = Release|Any CPU
		{6C8DC520-CFD5-4E9B-A049-E6BEFC72C065}.Release|x86.Build.0 = Release|Any CPU
	EndGlobalSection
	GlobalSection(SolutionProperties) = preSolution
		HideSolutionNode = FALSE
	EndGlobalSection
	GlobalSection(NestedProjects) = preSolution
		{EF3C88DE-5F4A-4B4D-908B-DAC4A88366AD} = {5854FF58-B8C5-05C6-5BF2-ACE42193F22B}
		{A40828AF-3C84-43F6-96A2-79EA880951EA} = {5854FF58-B8C5-05C6-5BF2-ACE42193F22B}
		{C3EEABAB-8C23-4E57-99BC-FDB4C2F65F55} = {5854FF58-B8C5-05C6-5BF2-ACE42193F22B}
		{6C8DC520-CFD5-4E9B-A049-E6BEFC72C065} = {881589EE-639B-0A35-DBCE-5D94E4FC90C0}
	EndGlobalSection
EndGlobal
